
Microsoft Visual Studio Solution File, Format Version 12.00
# Visual Studio 15
VisualStudioVersion = 15.0.28010.2036
MinimumVisualStudioVersion = 10.0.40219.1
Project("{FAE04EC0-301F-11D3-BF4B-00C04F79EFBC}") = "6-colorPlenarGraph_core", "6-colorPlenarGraph_core\6-colorPlenarGraph_core.csproj", "{E74D7F57-3A40-4F56-A5DD-C713A9188574}"
EndProject
Global
	GlobalSection(SolutionConfigurationPlatforms) = preSolution
		Debug|Any CPU = Debug|Any CPU
		Release|Any CPU = Release|Any CPU
	EndGlobalSection
	GlobalSection(ProjectConfigurationPlatforms) = postSolution
		{E74D7F57-3A40-4F56-A5DD-C713A9188574}.Debug|Any CPU.ActiveCfg = Debug|Any CPU
		{E74D7F57-3A40-4F56-A5DD-C713A9188574}.Debug|Any CPU.Build.0 = Debug|Any CPU
		{E74D7F57-3A40-4F56-A5DD-C713A9188574}.Release|Any CPU.ActiveCfg = Release|Any CPU
		{E74D7F57-3A40-4F56-A5DD-C713A9188574}.Release|Any CPU.Build.0 = Release|Any CPU
	EndGlobalSection
	GlobalSection(SolutionProperties) = preSolution
		HideSolutionNode = FALSE
	EndGlobalSection
	GlobalSection(ExtensibilityGlobals) = postSolution
		SolutionGuid = {E3D60562-704F-40EE-95C3-791A121BFEE9}
	EndGlobalSection
EndGlobal
