
Microsoft Visual Studio Solution File, Format Version 12.00
# Visual Studio 15
VisualStudioVersion = 15.0.28010.2036
MinimumVisualStudioVersion = 10.0.40219.1
Project("{FAE04EC0-301F-11D3-BF4B-00C04F79EFBC}") = "BellmanFord_core", "BellmanFord_core\BellmanFord_core.csproj", "{8BCDCC8D-48BA-4D78-AC17-039DB3817B86}"
EndProject
Global
	GlobalSection(SolutionConfigurationPlatforms) = preSolution
		Debug|Any CPU = Debug|Any CPU
		Release|Any CPU = Release|Any CPU
	EndGlobalSection
	GlobalSection(ProjectConfigurationPlatforms) = postSolution
		{8BCDCC8D-48BA-4D78-AC17-039DB3817B86}.Debug|Any CPU.ActiveCfg = Debug|Any CPU
		{8BCDCC8D-48BA-4D78-AC17-039DB3817B86}.Debug|Any CPU.Build.0 = Debug|Any CPU
		{8BCDCC8D-48BA-4D78-AC17-039DB3817B86}.Release|Any CPU.ActiveCfg = Release|Any CPU
		{8BCDCC8D-48BA-4D78-AC17-039DB3817B86}.Release|Any CPU.Build.0 = Release|Any CPU
	EndGlobalSection
	GlobalSection(SolutionProperties) = preSolution
		HideSolutionNode = FALSE
	EndGlobalSection
	GlobalSection(ExtensibilityGlobals) = postSolution
		SolutionGuid = {B6D9C1BE-16C1-4C50-96B2-7D50E5EBCA7A}
	EndGlobalSection
EndGlobal
